# THIS IS AN AUTOGENERATED FILE. DO NOT EDIT THIS FILE DIRECTLY.
# yarn lockfile v1


"@babel/code-frame@^7.10.4":
  version "7.16.7"
  resolved "https://registry.yarnpkg.com/@babel/code-frame/-/code-frame-7.16.7.tgz#44416b6bd7624b998f5b1af5d470856c40138789"
  integrity sha512-iAXqUn8IIeBTNd72xsFlgaXHkMBMt6y4HJp1tIaK465CWLT/fG1aqB7ykr95gHHmlBdGbFeWWfyB4NJJ0nmeIg==
  dependencies:
    "@babel/highlight" "^7.16.7"

"@babel/helper-validator-identifier@^7.16.7":
  version "7.16.7"
  resolved "https://registry.yarnpkg.com/@babel/helper-validator-identifier/-/helper-validator-identifier-7.16.7.tgz#e8c602438c4a8195751243da9031d1607d247cad"
  integrity sha512-hsEnFemeiW4D08A5gUAZxLBTXpZ39P+a+DGDsHw1yxqyQ/jzFEnxf5uTEGp+3bzAbNOxU1paTgYS4ECU/IgfDw==

"@babel/highlight@^7.16.7":
  version "7.16.7"
  resolved "https://registry.yarnpkg.com/@babel/highlight/-/highlight-7.16.7.tgz#81a01d7d675046f0d96f82450d9d9578bdfd6b0b"
  integrity sha512-aKpPMfLvGO3Q97V0qhw/V2SWNWlwfJknuwAunU7wZLSfrM4xTBvg7E5opUVi1kJTBKihE38CPg4nBiqX83PWYw==
  dependencies:
    "@babel/helper-validator-identifier" "^7.16.7"
    chalk "^2.0.0"
    js-tokens "^4.0.0"

"@babel/runtime@^7.1.2", "@babel/runtime@^7.12.5", "@babel/runtime@^7.6.2":
  version "7.16.7"
  resolved "https://registry.yarnpkg.com/@babel/runtime/-/runtime-7.16.7.tgz#03ff99f64106588c9c403c6ecb8c3bafbbdff1fa"
  integrity sha512-9E9FJowqAsytyOY6LG+1KuueckRL+aQW+mKvXRXnuFGyRAyepJPmEo9vgMfXUA6O9u3IeEdv9MAkppFcaQwogQ==
  dependencies:
    regenerator-runtime "^0.13.4"

"@formatjs/ecma402-abstract@1.11.1":
  version "1.11.1"
  resolved "https://registry.yarnpkg.com/@formatjs/ecma402-abstract/-/ecma402-abstract-1.11.1.tgz#595ba3ef4ba38634c012b3ca01954f8d12eb4bf4"
  integrity sha512-tgtNODZUGuUI6PAcnvaLZpGrZLVkXnnAvgzOiueYMzFdOdcOw4iH1WKhCe3+r6VR8rHKToJ2HksUGNCB+zt/bg==
  dependencies:
    "@formatjs/intl-localematcher" "0.2.22"
    tslib "^2.1.0"

"@formatjs/fast-memoize@1.2.1":
  version "1.2.1"
  resolved "https://registry.yarnpkg.com/@formatjs/fast-memoize/-/fast-memoize-1.2.1.tgz#e6f5aee2e4fd0ca5edba6eba7668e2d855e0fc21"
  integrity sha512-Rg0e76nomkz3vF9IPlKeV+Qynok0r7YZjL6syLz4/urSg0IbjPZCB/iYUMNsYA643gh4mgrX3T7KEIFIxJBQeg==
  dependencies:
    tslib "^2.1.0"

"@formatjs/icu-messageformat-parser@2.0.16":
  version "2.0.16"
  resolved "https://registry.yarnpkg.com/@formatjs/icu-messageformat-parser/-/icu-messageformat-parser-2.0.16.tgz#edfde10bbdea42658d2b8a28028314f2a694be3c"
  integrity sha512-sYg0ImXsAqBbjU/LotoCD9yKC5nUpWVy3s4DwWerHXD4sm62FcjMF8mekwudRk3eZLHqSO+M21MpFUUjDQ+Q5Q==
  dependencies:
    "@formatjs/ecma402-abstract" "1.11.1"
    "@formatjs/icu-skeleton-parser" "1.3.3"
    tslib "^2.1.0"

"@formatjs/icu-skeleton-parser@1.3.3":
  version "1.3.3"
  resolved "https://registry.yarnpkg.com/@formatjs/icu-skeleton-parser/-/icu-skeleton-parser-1.3.3.tgz#9462a3a7d0ff04e0957cafcb227b4baef4bb2b8c"
  integrity sha512-ifWnzjmHPHUF89UpCvClTP66sXYFc8W/qg7Qt+qtTUB9BqRWlFeUsevAzaMYDJsRiOy4S2WJFrJoZgRKUFfPGQ==
  dependencies:
    "@formatjs/ecma402-abstract" "1.11.1"
    tslib "^2.1.0"

"@formatjs/intl-localematcher@0.2.22":
  version "0.2.22"
  resolved "https://registry.yarnpkg.com/@formatjs/intl-localematcher/-/intl-localematcher-0.2.22.tgz#300708cf7067dbd49f258467cc386c0b32437415"
  integrity sha512-z+TvbHW8Q/g2l7/PnfUl0mV9gWxV4d0HT6GQyzkO5QI6QjCvCZGiztnmLX7zoyS16uSMvZ2PoMDfSK9xvZkRRA==
  dependencies:
    tslib "^2.1.0"

"@internationalized/date@3.0.0-alpha.1":
  version "3.0.0-alpha.1"
  resolved "https://registry.yarnpkg.com/@internationalized/date/-/date-3.0.0-alpha.1.tgz#987a86a98b837f275bce084ef502421bc5cdb5f7"
  integrity sha512-fxciU4AQ/4XBYfse/mT9h1nsyNkmQkxwQtTmQVu6b4Tp2u95Y3m5BNgWgV2m3vLiiKZ82NtHJXAIGoqiK53w4g==
  dependencies:
    "@babel/runtime" "^7.6.2"

"@internationalized/message@^3.0.2":
  version "3.0.3"
  resolved "https://registry.yarnpkg.com/@internationalized/message/-/message-3.0.3.tgz#bdedde42d02f935e06a1cb2f3b0dacc5228e782a"
  integrity sha512-TpNLP6FgzD9kukdNOhcxYhULf1mcE7Du+eMZe5voSP/yWlAl9GsJqPVY2knsR5Ld1oQELhxU61griqn6uhGsnA==
  dependencies:
    "@babel/runtime" "^7.6.2"
    intl-messageformat "^9.6.12"

"@internationalized/number@^3.0.2":
  version "3.0.3"
  resolved "https://registry.yarnpkg.com/@internationalized/number/-/number-3.0.3.tgz#d29003dffdff54ca6f2287ec0cb77ff3d045478f"
  integrity sha512-ewFoVvsxSyd9QZnknvOWPjirYqdMQhXTeDhJg3hM6C/FeZt0banpGH1nZ0SGMZXHz8NK9uAa2KVIq+jqAIOg4w==
  dependencies:
    "@babel/runtime" "^7.6.2"

"@jest/types@^27.4.2":
  version "27.4.2"
  resolved "https://registry.yarnpkg.com/@jest/types/-/types-27.4.2.tgz#96536ebd34da6392c2b7c7737d693885b5dd44a5"
  integrity sha512-j35yw0PMTPpZsUoOBiuHzr1zTYoad1cVIE0ajEjcrJONxxrko/IRGKkXx3os0Nsi4Hu3+5VmDbVfq5WhG/pWAg==
  dependencies:
    "@types/istanbul-lib-coverage" "^2.0.0"
    "@types/istanbul-reports" "^3.0.0"
    "@types/node" "*"
    "@types/yargs" "^16.0.0"
    chalk "^4.0.0"

"@napi-rs/triples@^1.1.0":
  version "1.1.0"
  resolved "https://registry.yarnpkg.com/@napi-rs/triples/-/triples-1.1.0.tgz#88c35b72e79a20b79bb4c9b3e2817241a1c9f4f9"
  integrity sha512-XQr74QaLeMiqhStEhLn1im9EOMnkypp7MZOwQhGzqp2Weu5eQJbpPxWxixxlYRKWPOmJjsk6qYfYH9kq43yc2w==

"@node-rs/helper@^1.0.0":
  version "1.3.0"
  resolved "https://registry.yarnpkg.com/@node-rs/helper/-/helper-1.3.0.tgz#9326c6c25db045ab827ca9a43ef2f9935d4a9353"
  integrity sha512-KPS0EBA1bXtf96IL7wr5bFHxhL2KCZ6kI/hkyLG7nzEq2cDq8pJhOhcJDOLXIPh5J2LEJ5eXyjDTWDFg5eRypw==
  dependencies:
    "@napi-rs/triples" "^1.1.0"

"@nodelib/fs.scandir@2.1.5":
  version "2.1.5"
  resolved "https://registry.yarnpkg.com/@nodelib/fs.scandir/-/fs.scandir-2.1.5.tgz#7619c2eb21b25483f6d167548b4cfd5a7488c3d5"
  integrity sha512-vq24Bq3ym5HEQm2NKCr3yXDwjc7vTsEThRDnkp2DK9p1uqLR+DHurm/NOTo0KG7HYHU7eppKZj3MyqYuMBf62g==
  dependencies:
    "@nodelib/fs.stat" "2.0.5"
    run-parallel "^1.1.9"

"@nodelib/fs.stat@2.0.5", "@nodelib/fs.stat@^2.0.2":
  version "2.0.5"
  resolved "https://registry.yarnpkg.com/@nodelib/fs.stat/-/fs.stat-2.0.5.tgz#5bd262af94e9d25bd1e71b05deed44876a222e8b"
  integrity sha512-RkhPPp2zrqDAQA/2jNhnztcPAlv64XdhIp7a7454A5ovI7Bukxgt7MX7udwAu3zg1DcpPU0rz3VV1SeaqvY4+A==

"@nodelib/fs.walk@^1.2.3":
  version "1.2.8"
  resolved "https://registry.yarnpkg.com/@nodelib/fs.walk/-/fs.walk-1.2.8.tgz#e95737e8bb6746ddedf69c556953494f196fe69a"
  integrity sha512-oGB+UxlgWcgQkgwo8GcEGwemoTFt3FIO9ababBmaGwXIoBKZ+GTy0pP185beGg7Llih/NSHSV2XAs1lnznocSg==
  dependencies:
    "@nodelib/fs.scandir" "2.1.5"
    fastq "^1.6.0"

"@react-aria/button@3.3.4":
  version "3.3.4"
  resolved "https://registry.yarnpkg.com/@react-aria/button/-/button-3.3.4.tgz#3af6eb4e0a479a76ba7386d541051d1273cd68fa"
  integrity sha512-vebTcf9YpwaKCvsca2VWhn6eYPa15OJtMENwaGop72UrL35Oa7xDgU0RG22RAjRjt8HRVlAfLpHkJQW6GBGU3g==
  dependencies:
    "@babel/runtime" "^7.6.2"
    "@react-aria/focus" "^3.5.0"
    "@react-aria/interactions" "^3.6.0"
    "@react-aria/utils" "^3.9.0"
    "@react-stately/toggle" "^3.2.3"
    "@react-types/button" "^3.4.1"

"@react-aria/dialog@3.1.4":
  version "3.1.4"
  resolved "https://registry.yarnpkg.com/@react-aria/dialog/-/dialog-3.1.4.tgz#7fe3f33e09b75dcdf598d0523e982262d6c89220"
  integrity sha512-OtQGBol3CfcbBpjqXDqXzH5Ygny44PIuyAsZ1e3dfIdtaI+XHsoglyZnvDaVVealIgedHkMubreZnyNYnlzPLg==
  dependencies:
    "@babel/runtime" "^7.6.2"
    "@react-aria/focus" "^3.4.1"
    "@react-aria/utils" "^3.8.2"
    "@react-stately/overlays" "^3.1.3"
    "@react-types/dialog" "^3.3.1"

"@react-aria/focus@3.5.0", "@react-aria/focus@^3.4.1", "@react-aria/focus@^3.5.0":
  version "3.5.0"
  resolved "https://registry.yarnpkg.com/@react-aria/focus/-/focus-3.5.0.tgz#02b85f97d6114af1eccc0902ce40723b626cb7f9"
  integrity sha512-Eib75Q6QgQdn8VVVByg5Vipaaj/C//8Bs++sQY7nkomRx4sdArOnXbDppul3YHP6mRfU9VRLvAigEUlReQF/Xw==
  dependencies:
    "@babel/runtime" "^7.6.2"
    "@react-aria/interactions" "^3.6.0"
    "@react-aria/utils" "^3.9.0"
    "@react-types/shared" "^3.9.0"
    clsx "^1.1.1"

"@react-aria/i18n@^3.3.2", "@react-aria/i18n@^3.3.3":
  version "3.3.4"
  resolved "https://registry.yarnpkg.com/@react-aria/i18n/-/i18n-3.3.4.tgz#172b8bcff0273410e67af31f7d84e49dd3ada463"
  integrity sha512-1DV3I82UfL2dT8WBI/88TwtokO80B7ISSyuz6rO/6n7q76A/nC2AtVINbrGYrcKsCcxCEoEMxW5RVJ39fcLijA==
  dependencies:
    "@babel/runtime" "^7.6.2"
    "@internationalized/date" "3.0.0-alpha.1"
    "@internationalized/message" "^3.0.2"
    "@internationalized/number" "^3.0.2"
    "@react-aria/ssr" "^3.0.3"
    "@react-aria/utils" "^3.10.0"
    "@react-types/shared" "^3.10.0"

"@react-aria/interactions@^3.5.1", "@react-aria/interactions@^3.6.0", "@react-aria/interactions@^3.7.0":
  version "3.7.0"
  resolved "https://registry.yarnpkg.com/@react-aria/interactions/-/interactions-3.7.0.tgz#eb19c1068b557a6b6df1e1c4abef07de719e9f25"
  integrity sha512-Xomchjb9bqvh3ocil+QCEYFSxsTy8PHEz43mNP6z2yuu3UqTpl2FsWfyKgF/Yy0WKVkyV2dO2uz758KJTCLZhw==
  dependencies:
    "@babel/runtime" "^7.6.2"
    "@react-aria/utils" "^3.10.0"
    "@react-types/shared" "^3.10.0"

"@react-aria/label@^3.2.1":
  version "3.2.1"
  resolved "https://registry.yarnpkg.com/@react-aria/label/-/label-3.2.1.tgz#e6562259e6b17e3856c4c3e0060903cf705d094b"
  integrity sha512-QZ5/dpJKRjB1JtFZfOVd5GUiCpA2yMgmNA6ky6jT5XNAo7H14QqGRFUGDTLAQYGd+Bc3s+NayOT3NKUYur/3Xw==
  dependencies:
    "@babel/runtime" "^7.6.2"
    "@react-aria/utils" "^3.10.0"
    "@react-types/label" "^3.5.0"
    "@react-types/shared" "^3.10.0"

"@react-aria/overlays@3.7.2":
  version "3.7.2"
  resolved "https://registry.yarnpkg.com/@react-aria/overlays/-/overlays-3.7.2.tgz#dca7693c0ec31371b19c2f51b482f03819b8c391"
  integrity sha512-KAurJ5MJRnXCPRrO1OdAaXz253cwO5VOOp8wx3/40Zm05o5FBA15ZJZT6BD8rZQOKMCAjkI76tiZQeMQtDULcQ==
  dependencies:
    "@babel/runtime" "^7.6.2"
    "@react-aria/i18n" "^3.3.2"
    "@react-aria/interactions" "^3.5.1"
    "@react-aria/utils" "^3.8.2"
    "@react-aria/visually-hidden" "^3.2.3"
    "@react-stately/overlays" "^3.1.3"
    "@react-types/button" "^3.4.1"
    "@react-types/overlays" "^3.5.1"
    dom-helpers "^3.3.1"

"@react-aria/radio@^3.1.6":
  version "3.1.6"
  resolved "https://registry.yarnpkg.com/@react-aria/radio/-/radio-3.1.6.tgz#6fc26d750db8026d58ff3900877df3c09ffe08c5"
  integrity sha512-ngpnlSXWcwOB65HoEw510BkG7I/REeM59cz8y1TQ4k1zPX//qsWOpl2ngmT4yZybLAg+B9VwDkdE5kw5KlRo1g==
  dependencies:
    "@babel/runtime" "^7.6.2"
    "@react-aria/focus" "^3.4.1"
    "@react-aria/i18n" "^3.3.3"
    "@react-aria/interactions" "^3.7.0"
    "@react-aria/label" "^3.2.1"
    "@react-aria/utils" "^3.10.0"
    "@react-stately/radio" "^3.3.2"
    "@react-types/radio" "^3.1.2"

"@react-aria/ssr@^3.0.3", "@react-aria/ssr@^3.1.0":
  version "3.1.0"
  resolved "https://registry.yarnpkg.com/@react-aria/ssr/-/ssr-3.1.0.tgz#b7163e6224725c30121932a8d1422ef91d1fab22"
  integrity sha512-RxqQKmE8sO7TGdrcSlHTcVzMP450hqowtBSd2bBS9oPlcokVkaGq28c3Rwa8ty5ctw4EBCjXqjP7xdcKMGDzug==
  dependencies:
    "@babel/runtime" "^7.6.2"

"@react-aria/utils@^3.10.0", "@react-aria/utils@^3.8.2", "@react-aria/utils@^3.9.0":
  version "3.11.0"
  resolved "https://registry.yarnpkg.com/@react-aria/utils/-/utils-3.11.0.tgz#215ea23a5435672a822cd713bdb8217972c5c80b"
  integrity sha512-4yFA8E9xqDCUlolYSsoyp/qxrkiQrnEqx1BQOrKDuicpW7MBJ39pJC23YFMpyK2a6xEptc6xJEeIEFJXp57jJw==
  dependencies:
    "@babel/runtime" "^7.6.2"
    "@react-aria/ssr" "^3.1.0"
    "@react-stately/utils" "^3.3.0"
    "@react-types/shared" "^3.10.1"
    clsx "^1.1.1"

"@react-aria/visually-hidden@^3.2.3":
  version "3.2.3"
  resolved "https://registry.yarnpkg.com/@react-aria/visually-hidden/-/visually-hidden-3.2.3.tgz#4779df0a468873550afb42a7f5fcb2411d82db8d"
  integrity sha512-iAe5EFI7obEOwTnIdAwWrKq+CrIJFGTw85v8fXnQ7CIVGRDblX85GOUww9bzQNPDLLRYWS4VF702ii8kV4+JCw==
  dependencies:
    "@babel/runtime" "^7.6.2"
    "@react-aria/interactions" "^3.5.1"
    "@react-aria/utils" "^3.8.2"
    clsx "^1.1.1"

"@react-stately/overlays@3.1.3", "@react-stately/overlays@^3.1.3":
  version "3.1.3"
  resolved "https://registry.yarnpkg.com/@react-stately/overlays/-/overlays-3.1.3.tgz#b0bb4061c1b20e712dfc32c933ae4bb23e5ccc0e"
  integrity sha512-X8H/h9F8ZjevwJ7P8ak7v500qQd5x4Y76LsXUXrR6LtcO8FXfp2I+W8sGmBtLZwLQpTJiF1U0WMQqXLE1g6eLA==
  dependencies:
    "@babel/runtime" "^7.6.2"
    "@react-stately/utils" "^3.2.2"
    "@react-types/overlays" "^3.5.1"

"@react-stately/radio@^3.3.2":
  version "3.3.2"
  resolved "https://registry.yarnpkg.com/@react-stately/radio/-/radio-3.3.2.tgz#be489c1e7fe00fadff579776a2e2f4908fae029f"
  integrity sha512-U1GfO7NflkyYiUP56/iFWwoLuMxE6Ydb4wEY3ZAlkMcWqes9YBQCzfPeckl6f77i+1ldc3Irs3NH9fDrKp8Oow==
  dependencies:
    "@babel/runtime" "^7.6.2"
    "@react-stately/utils" "^3.2.2"
    "@react-types/radio" "^3.1.2"

"@react-stately/toggle@^3.2.3":
  version "3.2.3"
  resolved "https://registry.yarnpkg.com/@react-stately/toggle/-/toggle-3.2.3.tgz#a4de6edc16982990492c6c557e5194f46dacc809"
  integrity sha512-p5eVjXwNo4y4CeybxfjYmbTzNMNiI67uspbRAJnawWBVWw8X+yIvRfpjYAsqmvsJ+DsvwybSTlQDT6taGoWEsA==
  dependencies:
    "@babel/runtime" "^7.6.2"
    "@react-stately/utils" "^3.2.2"
    "@react-types/checkbox" "^3.2.3"
    "@react-types/shared" "^3.8.0"

"@react-stately/utils@^3.2.2", "@react-stately/utils@^3.3.0":
  version "3.3.0"
  resolved "https://registry.yarnpkg.com/@react-stately/utils/-/utils-3.3.0.tgz#99866c5788539268a06035acd5925b25bb4cedde"
  integrity sha512-f//Y8q0+FFcS04xvCNvbba7WWRLHzj2AegLgdgwTxsnk9Gb+AyuasdRrRY7bGQhdHuEJ7OIiQZ9EQWndDbrTcg==
  dependencies:
    "@babel/runtime" "^7.6.2"

"@react-types/button@^3.4.1":
  version "3.4.1"
  resolved "https://registry.yarnpkg.com/@react-types/button/-/button-3.4.1.tgz#715ac9d4997c79233be4d9020b58f85936b8252b"
  integrity sha512-B54M84LxdEppwjXNlkBEJyMfe9fd+bvFV7R6+NJvupGrZm/LuFNYjFcHk7yjMKWTdWm6DbpIuQz54n5qTW7Vlg==
  dependencies:
    "@react-types/shared" "^3.8.0"

"@react-types/checkbox@^3.2.3":
  version "3.2.3"
  resolved "https://registry.yarnpkg.com/@react-types/checkbox/-/checkbox-3.2.3.tgz#2b9d529c55c9884519c7f626f0fe8be7d0f18be1"
  integrity sha512-YqeAFyrpaxI/eW6zQ7tVkKIASgzpywRrc6C/rV6Mw0zzGGSSvmYvdOBx9yHOEvpts7dLgaGlmLK6CeG7s4yGKg==
  dependencies:
    "@react-types/shared" "^3.8.0"

"@react-types/dialog@^3.3.1":
  version "3.3.1"
  resolved "https://registry.yarnpkg.com/@react-types/dialog/-/dialog-3.3.1.tgz#eb07e3d703643f7967243d56951d58a2cf77096f"
  integrity sha512-1i6fVtixUNlftSNbVPFRieyEy3N/GNqcqpeOsJUB1jby28ppbM+JCp3Icb0ijaNC9Nl8c/oI8srtOWIQIKUJiQ==
  dependencies:
    "@react-types/overlays" "^3.5.1"
    "@react-types/shared" "^3.8.0"

"@react-types/label@^3.5.0":
  version "3.5.0"
  resolved "https://registry.yarnpkg.com/@react-types/label/-/label-3.5.0.tgz#c7093871f42c62e1b5523f61a0856a2f58d4cf2a"
  integrity sha512-a9lpQUyV4XwsZv0gV1jPjPWicSSa+DRliuXLTwORirxNLF0kMk89DLYf0a9CZhiEniJYqoqR3laJDvLAFW1x/Q==
  dependencies:
    "@react-types/shared" "^3.9.0"

"@react-types/overlays@^3.5.1":
  version "3.5.1"
  resolved "https://registry.yarnpkg.com/@react-types/overlays/-/overlays-3.5.1.tgz#35350dfca639d04a8fbd973de59b141450df1b46"
  integrity sha512-T3o6wQ5NNm1rSniIa01bIa6fALC8jbwpYxFMaQRrdEpIvwktt0Fi5Xo6/97+oe4HvzzU0JMhtwWDTdRySvgeZw==
  dependencies:
    "@react-types/shared" "^3.8.0"

"@react-types/radio@^3.1.2":
  version "3.1.2"
  resolved "https://registry.yarnpkg.com/@react-types/radio/-/radio-3.1.2.tgz#a2a6aed62c0036b9c3647edd9ce944aa80624346"
  integrity sha512-vkIic8abrVUyl/YjKU3yTVwn8QgebzuadfV89PsaKc3hdmSiHhDsln5wYsfWOEotqMwPrG1aEv9yRMYO78OQXQ==
  dependencies:
    "@react-types/shared" "^3.8.0"

"@react-types/shared@^3.10.0", "@react-types/shared@^3.10.1", "@react-types/shared@^3.8.0", "@react-types/shared@^3.9.0":
  version "3.10.1"
  resolved "https://registry.yarnpkg.com/@react-types/shared/-/shared-3.10.1.tgz#16cd3038361dee63f351fa4d0fd25d90480a149b"
  integrity sha512-U3dLJtstvOiZ8XLrWdNv9WXuruoDyfIfSXguTs9N0naDdO+M0MIbt/1Hg7Toe43ueAe56GM14IFL+S0/jhv8ow==

"@swc/cli@^0.1.55":
  version "0.1.55"
  resolved "https://registry.yarnpkg.com/@swc/cli/-/cli-0.1.55.tgz#6c00b836ae56f35b4a5243f7fad5f9674470b016"
  integrity sha512-akkLuRexFq8XTi6JNZ27mXD4wcKXLDSLj4g7YMU+/upFM8IeD1IEp1Mxtre7MzCZn+QOQgPF8N8IReJoHuSn3g==
  dependencies:
    commander "^7.1.0"
    fast-glob "^3.2.5"
    slash "3.0.0"
    source-map "^0.7.3"

"@swc/core-android-arm-eabi@1.2.126":
  version "1.2.126"
  resolved "https://registry.yarnpkg.com/@swc/core-android-arm-eabi/-/core-android-arm-eabi-1.2.126.tgz#3d2bb272f6b3563fc6992d59d38093bdd3ff70c7"
  integrity sha512-DQDB/NlaqCY3N73DBrObIMNWEJ7sxih0vnkzkMsLUdCDeMBO5bKCUfLwzbLg8JWPCCRcq+eL+Ll+6SeXwZm/kw==

"@swc/core-android-arm64@1.2.126":
  version "1.2.126"
  resolved "https://registry.yarnpkg.com/@swc/core-android-arm64/-/core-android-arm64-1.2.126.tgz#4d852be577f31a6019198537559ec50933bfe805"
  integrity sha512-ILYqZyMzEQE7gw7GFU8NCZ+oDoE6KvnT0jCe0NqCsqPx8ovTElWiQo9qr1w2pkN0UnyQFtqlSRtaiqQfEdVbcg==

"@swc/core-darwin-arm64@1.2.126":
  version "1.2.126"
  resolved "https://registry.yarnpkg.com/@swc/core-darwin-arm64/-/core-darwin-arm64-1.2.126.tgz#8f183d1cea488e00326501ffa39af9dbe141e594"
  integrity sha512-Plkg8nWc9IvBexESec08osYFMBz6rf9S2lZ0kxWEXvFggHr8pdZteOvDYkxO6OaesID4Ek1FEMJpgQB8a2RlkA==

"@swc/core-darwin-x64@1.2.126":
  version "1.2.126"
  resolved "https://registry.yarnpkg.com/@swc/core-darwin-x64/-/core-darwin-x64-1.2.126.tgz#ba33f4222ecea557d73d201a1405e842e9d5dd3f"
  integrity sha512-t7xH+SyN8xo4fy7KtATJOsOZwH7csh1vB5XoAfHHX61DXH4niNLeuA8WXuqzCNAdRbK+gbTzgJV+f3ULDiGDPg==

"@swc/core-freebsd-x64@1.2.126":
  version "1.2.126"
  resolved "https://registry.yarnpkg.com/@swc/core-freebsd-x64/-/core-freebsd-x64-1.2.126.tgz#a27a4b0323155bf73de452fa5c75211e7c299215"
  integrity sha512-us+Fendr4sIH1koLQ5wzAGysjLHV/ZTKqLrinY6XTleyrzXUPE7xPoX9eRpUcEbtER/6G557peW8c0eVDrWOYA==

"@swc/core-linux-arm-gnueabihf@1.2.126":
  version "1.2.126"
  resolved "https://registry.yarnpkg.com/@swc/core-linux-arm-gnueabihf/-/core-linux-arm-gnueabihf-1.2.126.tgz#3b94d02a4c1de54197016c44f003e0b972fefd29"
  integrity sha512-wx9+7mpkAkaSgpVIOhXZfx0rCscr0rQuOwLXdbWtvsPRyxPRRVlX2Ic4dhiGJUIi2ecizDhty+8/YNj1dC063Q==

"@swc/core-linux-arm64-gnu@1.2.126":
  version "1.2.126"
  resolved "https://registry.yarnpkg.com/@swc/core-linux-arm64-gnu/-/core-linux-arm64-gnu-1.2.126.tgz#66f13d23f0eaa52f2a67199c0dc1b04c6836a382"
  integrity sha512-rhW5pn+FVNrIDQExv4VjRGGDu+lQRu5I4d7S8dsA5wnX7NBBvvIP3Go2CZ9/hzrxwfDNrfhrIlXNSvlC4+e30A==

"@swc/core-linux-arm64-musl@1.2.126":
  version "1.2.126"
  resolved "https://registry.yarnpkg.com/@swc/core-linux-arm64-musl/-/core-linux-arm64-musl-1.2.126.tgz#c6e42a925524cb875af3203d1d0ac6cad8bca789"
  integrity sha512-QQMFQgvzB3zuamWE63Bwi+/vp1iXzFsJj0VZYTu+K1mTZNeFHv7wEOANraf0v/+7PpYgcpWyND0marIazz3Vzw==

"@swc/core-linux-x64-gnu@1.2.126":
  version "1.2.126"
  resolved "https://registry.yarnpkg.com/@swc/core-linux-x64-gnu/-/core-linux-x64-gnu-1.2.126.tgz#e1515fa8f62e5e57091f6bb5f8bd9041a59deb1f"
  integrity sha512-Ill/37sHQk/Szo2wYs1Oy+XHkQ2Um/XtKwJ6jYtKTwT/OyoHRJ6wlyFXfsqX1n+LKpFbvuss+LWze/yN6rWvEQ==

"@swc/core-linux-x64-musl@1.2.126":
  version "1.2.126"
  resolved "https://registry.yarnpkg.com/@swc/core-linux-x64-musl/-/core-linux-x64-musl-1.2.126.tgz#f74ce19d330a71cfb973fafb671308175f07f97c"
  integrity sha512-NGgJcS3nDv8iifuHwzdPk23BuYPDG4kl9v1etoSH1PbIu6c0UVMz5AAzVulng1zw5+EXXzKmQxPbkH1WA20hsQ==

"@swc/core-win32-arm64-msvc@1.2.126":
  version "1.2.126"
  resolved "https://registry.yarnpkg.com/@swc/core-win32-arm64-msvc/-/core-win32-arm64-msvc-1.2.126.tgz#0f0405e22a93eafe268c1e2d4e2245b8eaf0095c"
  integrity sha512-zyIzcg6IGVojZxUNhohKrOA1qqCCwe7mKjIqffqmdFFlA2hZL441U2IQWoE12KhI4BvM6W9fpYGViIju57E/0A==

"@swc/core-win32-ia32-msvc@1.2.126":
  version "1.2.126"
  resolved "https://registry.yarnpkg.com/@swc/core-win32-ia32-msvc/-/core-win32-ia32-msvc-1.2.126.tgz#13b60263986a79a95f3d13b391e852e710aed0dd"
  integrity sha512-nIwiKf8R3E55JLwhzdFfK/OgxDAqM6zSF3DusZkQ2agn/UlQ44OvMgfuR8Kp7mUZXqtZ84oVQzq+anksPOoNww==

"@swc/core-win32-x64-msvc@1.2.126":
  version "1.2.126"
  resolved "https://registry.yarnpkg.com/@swc/core-win32-x64-msvc/-/core-win32-x64-msvc-1.2.126.tgz#f03e8d2380a3438b4c47b8817a329ee18416d6b0"
  integrity sha512-V1oIOelVUMZRq5ZY9p3jj+XqLYCvE+R/GnWq21hLamXbfhWbDi3v+Jmd14iIfQqCm73Qi8nM0hTtOdO7ENbnQQ==

"@swc/core@^1.2.124":
  version "1.2.126"
  resolved "https://registry.yarnpkg.com/@swc/core/-/core-1.2.126.tgz#86a06ee5d830af6fa7745bd67f3fc4ca01280d25"
  integrity sha512-x6X5X7eXP4Nxb3sRfZwglPcmkepHatihEhLViPhCLuZYA073eFeS9SCCkPLhVQ+80xuT9Wy+jI+aNvkFk6WYgA==
  dependencies:
    "@node-rs/helper" "^1.0.0"
  optionalDependencies:
    "@swc/core-android-arm-eabi" "1.2.126"
    "@swc/core-android-arm64" "1.2.126"
    "@swc/core-darwin-arm64" "1.2.126"
    "@swc/core-darwin-x64" "1.2.126"
    "@swc/core-freebsd-x64" "1.2.126"
    "@swc/core-linux-arm-gnueabihf" "1.2.126"
    "@swc/core-linux-arm64-gnu" "1.2.126"
    "@swc/core-linux-arm64-musl" "1.2.126"
    "@swc/core-linux-x64-gnu" "1.2.126"
    "@swc/core-linux-x64-musl" "1.2.126"
    "@swc/core-win32-arm64-msvc" "1.2.126"
    "@swc/core-win32-ia32-msvc" "1.2.126"
    "@swc/core-win32-x64-msvc" "1.2.126"

"@testing-library/dom@^8.0.0":
  version "8.11.1"
  resolved "https://registry.yarnpkg.com/@testing-library/dom/-/dom-8.11.1.tgz#03fa2684aa09ade589b460db46b4c7be9fc69753"
  integrity sha512-3KQDyx9r0RKYailW2MiYrSSKEfH0GTkI51UGEvJenvcoDoeRYs0PZpi2SXqtnMClQvCqdtTTpOfFETDTVADpAg==
  dependencies:
    "@babel/code-frame" "^7.10.4"
    "@babel/runtime" "^7.12.5"
    "@types/aria-query" "^4.2.0"
    aria-query "^5.0.0"
    chalk "^4.1.0"
    dom-accessibility-api "^0.5.9"
    lz-string "^1.4.4"
    pretty-format "^27.0.2"

"@testing-library/react@^12.1.2":
  version "12.1.2"
  resolved "https://registry.yarnpkg.com/@testing-library/react/-/react-12.1.2.tgz#f1bc9a45943461fa2a598bb4597df1ae044cfc76"
  integrity sha512-ihQiEOklNyHIpo2Y8FREkyD1QAea054U0MVbwH1m8N9TxeFz+KoJ9LkqoKqJlzx2JDm56DVwaJ1r36JYxZM05g==
  dependencies:
    "@babel/runtime" "^7.12.5"
    "@testing-library/dom" "^8.0.0"

"@types/aria-query@^4.2.0":
  version "4.2.2"
  resolved "https://registry.yarnpkg.com/@types/aria-query/-/aria-query-4.2.2.tgz#ed4e0ad92306a704f9fb132a0cfcf77486dbe2bc"
  integrity sha512-HnYpAE1Y6kRyKM/XkEuiRQhTHvkzMBurTHnpFLYLBGPIylZNPs9jJcuOOYWxPLJCSEtmZT0Y8rHDokKN7rRTig==

"@types/buble@^0.20.0":
  version "0.20.1"
  resolved "https://registry.yarnpkg.com/@types/buble/-/buble-0.20.1.tgz#cba009801fd417b0d2eb8fa6824b537842e05803"
  integrity sha512-itmN3lGSTvXg9IImY5j290H+n0B3PpZST6AgEfJJDXfaMx2cdJJZro3/Ay+bZZdIAa25Z5rnoo9rHiPCbANZoQ==
  dependencies:
    magic-string "^0.25.0"

"@types/istanbul-lib-coverage@*", "@types/istanbul-lib-coverage@^2.0.0":
  version "2.0.4"
  resolved "https://registry.yarnpkg.com/@types/istanbul-lib-coverage/-/istanbul-lib-coverage-2.0.4.tgz#8467d4b3c087805d63580480890791277ce35c44"
  integrity sha512-z/QT1XN4K4KYuslS23k62yDIDLwLFkzxOuMplDtObz0+y7VqJCaO2o+SPwHCvLFZh7xazvvoor2tA/hPz9ee7g==

"@types/istanbul-lib-report@*":
  version "3.0.0"
  resolved "https://registry.yarnpkg.com/@types/istanbul-lib-report/-/istanbul-lib-report-3.0.0.tgz#c14c24f18ea8190c118ee7562b7ff99a36552686"
  integrity sha512-plGgXAPfVKFoYfa9NpYDAkseG+g6Jr294RqeqcqDixSbU34MZVJRi/P+7Y8GDpzkEwLaGZZOpKIEmeVZNtKsrg==
  dependencies:
    "@types/istanbul-lib-coverage" "*"

"@types/istanbul-reports@^3.0.0":
  version "3.0.1"
  resolved "https://registry.yarnpkg.com/@types/istanbul-reports/-/istanbul-reports-3.0.1.tgz#9153fe98bba2bd565a63add9436d6f0d7f8468ff"
  integrity sha512-c3mAZEuK0lvBp8tmuL74XRKn1+y2dcwOUpH7x4WrF6gk1GIgiluDRgMYQtw2OFcBvAJWlt6ASU3tSqxp0Uu0Aw==
  dependencies:
    "@types/istanbul-lib-report" "*"

"@types/node@*":
  version "17.0.7"
  resolved "https://registry.yarnpkg.com/@types/node/-/node-17.0.7.tgz#4a53d8332bb65a45470a2f9e2611f1ced637a5cb"
  integrity sha512-1QUk+WAUD4t8iR+Oj+UgI8oJa6yyxaB8a8pHaC8uqM6RrS1qbL7bf3Pwl5rHv0psm2CuDErgho6v5N+G+5fwtQ==

"@types/prop-types@*":
  version "15.7.4"
  resolved "https://registry.yarnpkg.com/@types/prop-types/-/prop-types-15.7.4.tgz#fcf7205c25dff795ee79af1e30da2c9790808f11"
  integrity sha512-rZ5drC/jWjrArrS8BR6SIr4cWpW09RNTYt9AMZo3Jwwif+iacXAqgVjm0B0Bv/S1jhDXKHqRVNCbACkJ89RAnQ==

"@types/react-dom@^17.0.11":
  version "17.0.11"
  resolved "https://registry.yarnpkg.com/@types/react-dom/-/react-dom-17.0.11.tgz#e1eadc3c5e86bdb5f7684e00274ae228e7bcc466"
  integrity sha512-f96K3k+24RaLGVu/Y2Ng3e1EbZ8/cVJvypZWd7cy0ofCBaf2lcM46xNhycMZ2xGwbBjRql7hOlZ+e2WlJ5MH3Q==
  dependencies:
    "@types/react" "*"

"@types/react@*", "@types/react@^17.0.38":
  version "17.0.38"
  resolved "https://registry.yarnpkg.com/@types/react/-/react-17.0.38.tgz#f24249fefd89357d5fa71f739a686b8d7c7202bd"
  integrity sha512-SI92X1IA+FMnP3qM5m4QReluXzhcmovhZnLNm3pyeQlooi02qI7sLiepEYqT678uNiyc25XfCqxREFpy3W7YhQ==
  dependencies:
    "@types/prop-types" "*"
    "@types/scheduler" "*"
    csstype "^3.0.2"

"@types/scheduler@*":
  version "0.16.2"
  resolved "https://registry.yarnpkg.com/@types/scheduler/-/scheduler-0.16.2.tgz#1a62f89525723dde24ba1b01b092bf5df8ad4d39"
  integrity sha512-hppQEBDmlwhFAXKJX2KnWLYu5yMfi91yazPb2l+lbJiwW+wdo1gNeRA+3RgNSO39WYX2euey41KEwnqesU2Jew==

"@types/yargs-parser@*":
  version "20.2.1"
  resolved "https://registry.yarnpkg.com/@types/yargs-parser/-/yargs-parser-20.2.1.tgz#3b9ce2489919d9e4fea439b76916abc34b2df129"
  integrity sha512-7tFImggNeNBVMsn0vLrpn1H1uPrUBdnARPTpZoitY37ZrdJREzf7I16tMrlK3hen349gr1NYh8CmZQa7CTG6Aw==

"@types/yargs@^16.0.0":
  version "16.0.4"
  resolved "https://registry.yarnpkg.com/@types/yargs/-/yargs-16.0.4.tgz#26aad98dd2c2a38e421086ea9ad42b9e51642977"
  integrity sha512-T8Yc9wt/5LbJyCaLiHPReJa0kApcIgJ7Bn735GjItUfh08Z1pJvu8QZqb9s+mMvKV6WUQRV7K2R46YbjMXTTJw==
  dependencies:
    "@types/yargs-parser" "*"

ansi-regex@^5.0.1:
  version "5.0.1"
  resolved "https://registry.yarnpkg.com/ansi-regex/-/ansi-regex-5.0.1.tgz#082cb2c89c9fe8659a311a53bd6a4dc5301db304"
  integrity sha512-quJQXlTSUGL2LH9SUXo8VwsY4soanhgo6LNSm84E1LBcE8s3O0wpdiRzyR9z/ZZJMlMWv37qOOb9pdJlMUEKFQ==

ansi-styles@^3.2.1:
  version "3.2.1"
  resolved "https://registry.yarnpkg.com/ansi-styles/-/ansi-styles-3.2.1.tgz#41fbb20243e50b12be0f04b8dedbf07520ce841d"
  integrity sha512-VT0ZI6kZRdTh8YyJw3SMbYm/u+NqfsAxEpWO0Pf9sq8/e94WxxOpPKx9FR1FlyCtOVDNOQ+8ntlqFxiRc+r5qA==
  dependencies:
    color-convert "^1.9.0"

ansi-styles@^4.1.0:
  version "4.3.0"
  resolved "https://registry.yarnpkg.com/ansi-styles/-/ansi-styles-4.3.0.tgz#edd803628ae71c04c85ae7a0906edad34b648937"
  integrity sha512-zbB9rCJAT1rbjiVDb2hqKFHNYLxgtk8NURxZ3IZwD3F6NtxbXZQCnnSi1Lkx+IDohdPlFp222wVALIheZJQSEg==
  dependencies:
    color-convert "^2.0.1"

ansi-styles@^5.0.0:
  version "5.2.0"
  resolved "https://registry.yarnpkg.com/ansi-styles/-/ansi-styles-5.2.0.tgz#07449690ad45777d1924ac2abb2fc8895dba836b"
  integrity sha512-Cxwpt2SfTzTtXcfOlzGEee8O+c+MmUgGrNiBcXnuWxuFJHe6a5Hz7qwhwe5OgaSYI0IJvkLqWX1ASG+cJOkEiA==

aria-query@^5.0.0:
  version "5.0.0"
  resolved "https://registry.yarnpkg.com/aria-query/-/aria-query-5.0.0.tgz#210c21aaf469613ee8c9a62c7f86525e058db52c"
  integrity sha512-V+SM7AbUwJ+EBnB8+DXs0hPZHO0W6pqBcc0dW90OwtVG02PswOu/teuARoLQjdDOH+t9pJgGnW5/Qmouf3gPJg==

braces@^3.0.1:
  version "3.0.2"
  resolved "https://registry.yarnpkg.com/braces/-/braces-3.0.2.tgz#3454e1a462ee8d599e236df336cd9ea4f8afe107"
  integrity sha512-b8um+L1RzM3WDSzvhm6gIz1yfTbBt6YTlcEKAvsmqCZZFw46z626lVj9j1yEPW33H5H+lBQpZMP1k8l+78Ha0A==
  dependencies:
    fill-range "^7.0.1"

buble@0.19.6:
  version "0.19.6"
  resolved "https://registry.yarnpkg.com/buble/-/buble-0.19.6.tgz#915909b6bd5b11ee03b1c885ec914a8b974d34d3"
  integrity sha512-9kViM6nJA1Q548Jrd06x0geh+BG2ru2+RMDkIHHgJY/8AcyCs34lTHwra9BX7YdPrZXd5aarkpr/SY8bmPgPdg==
  dependencies:
    chalk "^2.4.1"
    magic-string "^0.25.1"
    minimist "^1.2.0"
    os-homedir "^1.0.1"
    regexpu-core "^4.2.0"
    vlq "^1.0.0"

chalk@^2.0.0, chalk@^2.4.1:
  version "2.4.2"
  resolved "https://registry.yarnpkg.com/chalk/-/chalk-2.4.2.tgz#cd42541677a54333cf541a49108c1432b44c9424"
  integrity sha512-Mti+f9lpJNcwF4tWV8/OrTTtF1gZi+f8FqlyAdouralcFWFQWF2+NgCHShjkCb+IFBLq9buZwE1xckQU4peSuQ==
  dependencies:
    ansi-styles "^3.2.1"
    escape-string-regexp "^1.0.5"
    supports-color "^5.3.0"

chalk@^4.0.0, chalk@^4.1.0:
  version "4.1.2"
  resolved "https://registry.yarnpkg.com/chalk/-/chalk-4.1.2.tgz#aac4e2b7734a740867aeb16bf02aad556a1e7a01"
  integrity sha512-oKnbhFyRIXpUuez8iBMmyEa4nbj4IOQyuhc/wy9kY7/WVPcwIO9VA668Pu8RkO7+0G76SLROeyw9CpQ061i4mA==
  dependencies:
    ansi-styles "^4.1.0"
    supports-color "^7.1.0"

clsx@^1.1.1:
  version "1.1.1"
  resolved "https://registry.yarnpkg.com/clsx/-/clsx-1.1.1.tgz#98b3134f9abbdf23b2663491ace13c5c03a73188"
  integrity sha512-6/bPho624p3S2pMyvP5kKBPXnI3ufHLObBFCfgx+LkeR5lg2XYy2hqZqUf45ypD8COn2bhgGJSUE+l5dhNBieA==

color-convert@^1.9.0:
  version "1.9.3"
  resolved "https://registry.yarnpkg.com/color-convert/-/color-convert-1.9.3.tgz#bb71850690e1f136567de629d2d5471deda4c1e8"
  integrity sha512-QfAUtd+vFdAtFQcC8CCyYt1fYWxSqAiK2cSD6zDB8N3cpsEBAvRxp9zOGg6G/SHHJYAT88/az/IuDGALsNVbGg==
  dependencies:
    color-name "1.1.3"

color-convert@^2.0.1:
  version "2.0.1"
  resolved "https://registry.yarnpkg.com/color-convert/-/color-convert-2.0.1.tgz#72d3a68d598c9bdb3af2ad1e84f21d896abd4de3"
  integrity sha512-RRECPsj7iu/xb5oKYcsFHSppFNnsj/52OVTRKb4zP5onXwVF3zVmmToNcOfGC+CRDpfK/U584fMg38ZHCaElKQ==
  dependencies:
    color-name "~1.1.4"

color-name@1.1.3:
  version "1.1.3"
  resolved "https://registry.yarnpkg.com/color-name/-/color-name-1.1.3.tgz#a7d0558bd89c42f795dd42328f740831ca53bc25"
  integrity sha1-p9BVi9icQveV3UIyj3QIMcpTvCU=

color-name@~1.1.4:
  version "1.1.4"
  resolved "https://registry.yarnpkg.com/color-name/-/color-name-1.1.4.tgz#c2a09a87acbde69543de6f63fa3995c826c536a2"
  integrity sha512-dOy+3AuW3a2wNbZHIuMZpTcgjGuLU/uBL/ubcZF9OXbDo8ff4O8yVp5Bf0efS8uEoYo5q4Fx7dY9OgQGXgAsQA==

commander@^7.1.0:
  version "7.2.0"
  resolved "https://registry.yarnpkg.com/commander/-/commander-7.2.0.tgz#a36cb57d0b501ce108e4d20559a150a391d97ab7"
  integrity sha512-QrWXB+ZQSVPmIWIhtEO9H+gwHaMGYiF5ChvoJ+K9ZGHG/sVsa6yiesAD1GC/x46sET00Xlwo1u49RVVVzvcSkw==

component-props@1.1.1:
  version "1.1.1"
  resolved "https://registry.yarnpkg.com/component-props/-/component-props-1.1.1.tgz#f9b7df9b9927b6e6d97c9bd272aa867670f34944"
  integrity sha1-+bffm5kntubZfJvScqqGdnDzSUQ=

component-xor@0.0.4:
  version "0.0.4"
  resolved "https://registry.yarnpkg.com/component-xor/-/component-xor-0.0.4.tgz#c55d83ccc1b94cd5089a4e93fa7891c7263e59aa"
  integrity sha1-xV2DzMG5TNUImk6T+niRxyY+Wao=

core-js@^3.14.0:
  version "3.20.2"
  resolved "https://registry.yarnpkg.com/core-js/-/core-js-3.20.2.tgz#46468d8601eafc8b266bd2dd6bf9dee622779581"
  integrity sha512-nuqhq11DcOAbFBV4zCbKeGbKQsUDRqTX0oqx7AttUBuqe3h20ixsE039QHelbL6P4h+9kytVqyEtyZ6gsiwEYw==

csstype@^3.0.2:
  version "3.0.10"
  resolved "https://registry.yarnpkg.com/csstype/-/csstype-3.0.10.tgz#2ad3a7bed70f35b965707c092e5f30b327c290e5"
  integrity sha512-2u44ZG2OcNUO9HDp/Jl8C07x6pU/eTR3ncV91SiK3dhG9TWvRVsCoJw14Ckx5DgWkzGA3waZWO3d7pgqpUI/XA==

debounce@^1.2.1:
  version "1.2.1"
  resolved "https://registry.yarnpkg.com/debounce/-/debounce-1.2.1.tgz#38881d8f4166a5c5848020c11827b834bcb3e0a5"
  integrity sha512-XRRe6Glud4rd/ZGQfiV1ruXSfbvfJedlV9Y6zOlP+2K04vBYiJEte6stfFkCP03aMnY5tsipamumUjL14fofug==

dom-accessibility-api@^0.5.9:
  version "0.5.10"
  resolved "https://registry.yarnpkg.com/dom-accessibility-api/-/dom-accessibility-api-0.5.10.tgz#caa6d08f60388d0bb4539dd75fe458a9a1d0014c"
  integrity sha512-Xu9mD0UjrJisTmv7lmVSDMagQcU9R5hwAbxsaAE/35XPnPLJobbuREfV/rraiSaEj/UOvgrzQs66zyTWTlyd+g==

dom-helpers@^3.3.1:
  version "3.4.0"
  resolved "https://registry.yarnpkg.com/dom-helpers/-/dom-helpers-3.4.0.tgz#e9b369700f959f62ecde5a6babde4bccd9169af8"
  integrity sha512-LnuPJ+dwqKDIyotW1VzmOZ5TONUN7CwkCR5hrgawTUbkBGYdeoNLZo6nNfGkCrjtE1nXXaj7iMMpDa8/d9WoIA==
  dependencies:
    "@babel/runtime" "^7.1.2"

dom-iterator@^1.0.0:
  version "1.0.0"
  resolved "https://registry.yarnpkg.com/dom-iterator/-/dom-iterator-1.0.0.tgz#9c09899846ec41c2d257adc4d6015e4759ef05ad"
  integrity sha512-7dsMOQI07EMU98gQM8NSB3GsAiIeBYIPKpnxR3c9xOvdvBjChAcOM0iJ222I3p5xyiZO9e5oggkNaCusuTdYig==
  dependencies:
    component-props "1.1.1"
    component-xor "0.0.4"

escape-string-regexp@^1.0.5:
  version "1.0.5"
  resolved "https://registry.yarnpkg.com/escape-string-regexp/-/escape-string-regexp-1.0.5.tgz#1b61c0562190a8dff6ae3bb2cf0200ca130b86d4"
  integrity sha1-G2HAViGQqN/2rjuyzwIAyhMLhtQ=

extend-shallow@^2.0.1:
  version "2.0.1"
  resolved "https://registry.yarnpkg.com/extend-shallow/-/extend-shallow-2.0.1.tgz#51af7d614ad9a9f610ea1bafbb989d6b1c56890f"
  integrity sha1-Ua99YUrZqfYQ6huvu5idaxxWiQ8=
  dependencies:
    is-extendable "^0.1.0"

fast-glob@^3.2.5:
  version "3.2.7"
  resolved "https://registry.yarnpkg.com/fast-glob/-/fast-glob-3.2.7.tgz#fd6cb7a2d7e9aa7a7846111e85a196d6b2f766a1"
  integrity sha512-rYGMRwip6lUMvYD3BTScMwT1HtAs2d71SMv66Vrxs0IekGZEjhM0pcMfjQPnknBt2zeCwQMEupiN02ZP4DiT1Q==
  dependencies:
    "@nodelib/fs.stat" "^2.0.2"
    "@nodelib/fs.walk" "^1.2.3"
    glob-parent "^5.1.2"
    merge2 "^1.3.0"
    micromatch "^4.0.4"

fastq@^1.6.0:
  version "1.13.0"
  resolved "https://registry.yarnpkg.com/fastq/-/fastq-1.13.0.tgz#616760f88a7526bdfc596b7cab8c18938c36b98c"
  integrity sha512-YpkpUnK8od0o1hmeSc7UUs/eB/vIPWJYjKck2QKIzAf71Vm1AAQ3EbuZB3g2JIy+pg+ERD0vqI79KyZiB2e2Nw==
  dependencies:
    reusify "^1.0.4"

fill-range@^7.0.1:
  version "7.0.1"
  resolved "https://registry.yarnpkg.com/fill-range/-/fill-range-7.0.1.tgz#1919a6a7c75fe38b2c7c77e5198535da9acdda40"
  integrity sha512-qOo9F+dMUmC2Lcb4BbVvnKJxTPjCm+RRpe4gDuGrzkL7mEVl/djYSu2OdQ2Pa302N4oqkSg9ir6jaLWJ2USVpQ==
  dependencies:
    to-regex-range "^5.0.1"

glob-parent@^5.1.2:
  version "5.1.2"
  resolved "https://registry.yarnpkg.com/glob-parent/-/glob-parent-5.1.2.tgz#869832c58034fe68a4093c17dc15e8340d8401c4"
  integrity sha512-AOIgSQCepiJYwP3ARnGx+5VnTu2HBYdzbGP45eLw1vr3zB3vZLeyed1sC9hnbcOc9/SrMyM5RPQrkGz4aS9Zow==
  dependencies:
    is-glob "^4.0.1"

has-flag@^3.0.0:
  version "3.0.0"
  resolved "https://registry.yarnpkg.com/has-flag/-/has-flag-3.0.0.tgz#b5d454dc2199ae225699f3467e5a07f3b955bafd"
  integrity sha1-tdRU3CGZriJWmfNGfloH87lVuv0=

has-flag@^4.0.0:
  version "4.0.0"
  resolved "https://registry.yarnpkg.com/has-flag/-/has-flag-4.0.0.tgz#944771fd9c81c81265c4d6941860da06bb59479b"
  integrity sha512-EykJT/Q1KjTWctppgIAgfSO0tKVuZUjhgMr17kqTumMl6Afv3EISleU7qZUzoXDFTAHTDC4NOoG/ZxU3EvlMPQ==

intl-messageformat@^9.6.12:
  version "9.11.1"
  resolved "https://registry.yarnpkg.com/intl-messageformat/-/intl-messageformat-9.11.1.tgz#915b04ea3730b0bb80de8ff9b1a33383a61fc5b0"
  integrity sha512-kT0i8AIa1Aez8jGn1i9Xva/sdbjOPY15abR82qnU4jnESjxtynHLW1CBh9ehs13sPA8cE/4A2d6LEne91oDp4w==
  dependencies:
    "@formatjs/ecma402-abstract" "1.11.1"
    "@formatjs/fast-memoize" "1.2.1"
    "@formatjs/icu-messageformat-parser" "2.0.16"
    tslib "^2.1.0"

is-extendable@^0.1.0:
  version "0.1.1"
  resolved "https://registry.yarnpkg.com/is-extendable/-/is-extendable-0.1.1.tgz#62b110e289a471418e3ec36a617d472e301dfc89"
  integrity sha1-YrEQ4omkcUGOPsNqYX1HLjAd/Ik=

is-extglob@^2.1.1:
  version "2.1.1"
  resolved "https://registry.yarnpkg.com/is-extglob/-/is-extglob-2.1.1.tgz#a88c02535791f02ed37c76a1b9ea9773c833f8c2"
  integrity sha1-qIwCU1eR8C7TfHahueqXc8gz+MI=

is-glob@^4.0.1:
  version "4.0.3"
  resolved "https://registry.yarnpkg.com/is-glob/-/is-glob-4.0.3.tgz#64f61e42cbbb2eec2071a9dac0b28ba1e65d5084"
  integrity sha512-xelSayHH36ZgE7ZWhli7pW34hNbNl8Ojv5KVmkJD4hBdD3th8Tfk9vYasLM+mXWOZhFkgZfxhLSnrwRr4elSSg==
  dependencies:
    is-extglob "^2.1.1"

is-number@^7.0.0:
  version "7.0.0"
  resolved "https://registry.yarnpkg.com/is-number/-/is-number-7.0.0.tgz#7535345b896734d5f80c4d06c50955527a14f12b"
  integrity sha512-41Cifkg6e8TylSpdtTpeLVMqvSBEVzTttHvERD741+pnZ8ANv0004MRL43QKPDlK9cGvNp6NZWZUBlbGXYxxng==

"js-tokens@^3.0.0 || ^4.0.0", js-tokens@^4.0.0:
  version "4.0.0"
  resolved "https://registry.yarnpkg.com/js-tokens/-/js-tokens-4.0.0.tgz#19203fb59991df98e3a287050d4647cdeaf32499"
  integrity sha512-RdJUflcE3cUzKiMqQgsCu06FPu9UdIJO0beYbPhHN4k6apgJtifcoCtT9bcxOpYBtpD2kCM6Sbzg4CausW/PKQ==

jsesc@~0.5.0:
  version "0.5.0"
  resolved "https://registry.yarnpkg.com/jsesc/-/jsesc-0.5.0.tgz#e7dee66e35d6fc16f710fe91d5cf69f70f08911d"
  integrity sha1-597mbjXW/Bb3EP6R1c9p9w8IkR0=

loose-envify@^1.4.0:
  version "1.4.0"
  resolved "https://registry.yarnpkg.com/loose-envify/-/loose-envify-1.4.0.tgz#71ee51fa7be4caec1a63839f7e682d8132d30caf"
  integrity sha512-lyuxPGr/Wfhrlem2CL/UcnUc1zcqKAImBDzukY7Y5F/yQiNdko6+fRLevlw1HgMySw7f611UIY408EtxRSoK3Q==
  dependencies:
    js-tokens "^3.0.0 || ^4.0.0"

lz-string@^1.4.4:
  version "1.4.4"
  resolved "https://registry.yarnpkg.com/lz-string/-/lz-string-1.4.4.tgz#c0d8eaf36059f705796e1e344811cf4c498d3a26"
  integrity sha1-wNjq82BZ9wV5bh40SBHPTEmNOiY=

magic-string@^0.25.0, magic-string@^0.25.1:
  version "0.25.7"
  resolved "https://registry.yarnpkg.com/magic-string/-/magic-string-0.25.7.tgz#3f497d6fd34c669c6798dcb821f2ef31f5445051"
  integrity sha512-4CrMT5DOHTDk4HYDlzmwu4FVCcIYI8gauveasrdCu2IKIFOJ3f0v/8MDGJCDL9oD2ppz/Av1b0Nj345H9M+XIA==
  dependencies:
    sourcemap-codec "^1.4.4"

merge2@^1.3.0:
  version "1.4.1"
  resolved "https://registry.yarnpkg.com/merge2/-/merge2-1.4.1.tgz#4368892f885e907455a6fd7dc55c0c9d404990ae"
  integrity sha512-8q7VEgMJW4J8tcfVPy8g09NcQwZdbwFEqhe/WZkoIzjn/3TGDwtOCYtXGxA3O8tPzpczCCDgv+P2P5y00ZJOOg==

micromatch@^4.0.4:
  version "4.0.4"
  resolved "https://registry.yarnpkg.com/micromatch/-/micromatch-4.0.4.tgz#896d519dfe9db25fce94ceb7a500919bf881ebf9"
  integrity sha512-pRmzw/XUcwXGpD9aI9q/0XOwLNygjETJ8y0ao0wdqprrzDa4YnxLcz7fQRZr8voh8V10kGhABbNcHVk5wHgWwg==
  dependencies:
    braces "^3.0.1"
    picomatch "^2.2.3"

minimist@^1.2.0:
  version "1.2.5"
  resolved "https://registry.yarnpkg.com/minimist/-/minimist-1.2.5.tgz#67d66014b66a6a8aaa0c083c5fd58df4e4e97602"
  integrity sha512-FM9nNUYrRBAELZQT3xeZQ7fmMOBg6nWNmJKTcgsJeaLstP/UODVpGsr5OhXhhXg6f+qtJ8uiZ+PUxkDWcgIXLw==

object-assign@^4.1.1:
  version "4.1.1"
  resolved "https://registry.yarnpkg.com/object-assign/-/object-assign-4.1.1.tgz#2109adc7965887cfc05cbbd442cac8bfbb360863"
  integrity sha1-IQmtx5ZYh8/AXLvUQsrIv7s2CGM=

os-homedir@^1.0.1:
  version "1.0.2"
  resolved "https://registry.yarnpkg.com/os-homedir/-/os-homedir-1.0.2.tgz#ffbc4988336e0e833de0c168c7ef152121aa7fb3"
  integrity sha1-/7xJiDNuDoM94MFox+8VISGqf7M=

picomatch@^2.2.3:
  version "2.3.1"
  resolved "https://registry.yarnpkg.com/picomatch/-/picomatch-2.3.1.tgz#3ba3833733646d9d3e4995946c1365a67fb07a42"
  integrity sha512-JU3teHTNjmE2VCGFzuY8EXzCDVwEqB2a8fsIvwaStHhAWJEeVd1o1QD80CU6+ZdEXXSLbSsuLwJjkCBWqRQUVA==

pretty-format@^27.0.2:
  version "27.4.2"
  resolved "https://registry.yarnpkg.com/pretty-format/-/pretty-format-27.4.2.tgz#e4ce92ad66c3888423d332b40477c87d1dac1fb8"
  integrity sha512-p0wNtJ9oLuvgOQDEIZ9zQjZffK7KtyR6Si0jnXULIDwrlNF8Cuir3AZP0hHv0jmKuNN/edOnbMjnzd4uTcmWiw==
  dependencies:
    "@jest/types" "^27.4.2"
    ansi-regex "^5.0.1"
    ansi-styles "^5.0.0"
    react-is "^17.0.1"

prism-react-renderer@^1.2.1:
  version "1.2.1"
  resolved "https://registry.yarnpkg.com/prism-react-renderer/-/prism-react-renderer-1.2.1.tgz#392460acf63540960e5e3caa699d851264e99b89"
  integrity sha512-w23ch4f75V1Tnz8DajsYKvY5lF7H1+WvzvLUcF0paFxkTHSp42RS0H5CttdN2Q8RR3DRGZ9v5xD/h3n8C8kGmg==

prop-types@^15.7.2:
  version "15.8.0"
  resolved "https://registry.yarnpkg.com/prop-types/-/prop-types-15.8.0.tgz#d237e624c45a9846e469f5f31117f970017ff588"
  integrity sha512-fDGekdaHh65eI3lMi5OnErU6a8Ighg2KjcjQxO7m8VHyWjcPyj5kiOgV1LQDOOOgVy3+5FgjXvdSSX7B8/5/4g==
  dependencies:
    loose-envify "^1.4.0"
    object-assign "^4.1.1"
    react-is "^16.13.1"

queue-microtask@^1.2.2:
  version "1.2.3"
  resolved "https://registry.yarnpkg.com/queue-microtask/-/queue-microtask-1.2.3.tgz#4929228bbc724dfac43e0efb058caf7b6cfb6243"
  integrity sha512-NuaNSa6flKT5JaSYQzJok04JzTL1CA6aGhv5rfLW3PgqA+M2ChpZQnAC8h8i4ZFkBS8X5RqkDBHA7r4hej3K9A==

react-is@^16.13.1:
  version "16.13.1"
  resolved "https://registry.yarnpkg.com/react-is/-/react-is-16.13.1.tgz#789729a4dc36de2999dc156dd6c1d9c18cea56a4"
  integrity sha512-24e6ynE2H+OKt4kqsOvNd8kBpV65zoxbA4BVsEOB3ARVWQki/DHzaUoC5KuON/BiccDaCCTZBuOcfZs70kR8bQ==

react-is@^17.0.1:
  version "17.0.2"
  resolved "https://registry.yarnpkg.com/react-is/-/react-is-17.0.2.tgz#e691d4a8e9c789365655539ab372762b0efb54f0"
  integrity sha512-w2GsyukL62IJnlaff/nRegPQR94C/XXamvMWmSHRJ4y7Ts/4ocGRmTHvOs8PSE6pB3dWOrD/nueuU5sduBsQ4w==

react-live@^2.3.0:
  version "2.3.0"
  resolved "https://registry.yarnpkg.com/react-live/-/react-live-2.3.0.tgz#09fbac361903970e7cf51cee60729eeb164a5d87"
  integrity sha512-b+Nc7x/bLu2sPX/If1uncrmUvYtXTqxY8QpzBw/X76SA3QJ1ggU0Ld6X5phLXZ469+XWO5lOU7OpAt0JoTyZPQ==
  dependencies:
    "@types/buble" "^0.20.0"
    buble "0.19.6"
    core-js "^3.14.0"
    dom-iterator "^1.0.0"
    prism-react-renderer "^1.2.1"
    prop-types "^15.7.2"
    react-simple-code-editor "^0.11.0"
    unescape "^1.0.1"

react-simple-code-editor@^0.11.0:
  version "0.11.0"
  resolved "https://registry.yarnpkg.com/react-simple-code-editor/-/react-simple-code-editor-0.11.0.tgz#bb57c7c29b570f2ab229872599eac184f5bc673c"
  integrity sha512-xGfX7wAzspl113ocfKQAR8lWPhavGWHL3xSzNLeseDRHysT+jzRBi/ExdUqevSMos+7ZtdfeuBOXtgk9HTwsrw==

react-use-measure@^2.1.1:
  version "2.1.1"
  resolved "https://registry.yarnpkg.com/react-use-measure/-/react-use-measure-2.1.1.tgz#5824537f4ee01c9469c45d5f7a8446177c6cc4ba"
  integrity sha512-nocZhN26cproIiIduswYpV5y5lQpSQS1y/4KuvUCjSKmw7ZWIS/+g3aFnX3WdBkyuGUtTLif3UTqnLLhbDoQig==
  dependencies:
    debounce "^1.2.1"

regenerate-unicode-properties@^9.0.0:
  version "9.0.0"
  resolved "https://registry.yarnpkg.com/regenerate-unicode-properties/-/regenerate-unicode-properties-9.0.0.tgz#54d09c7115e1f53dc2314a974b32c1c344efe326"
  integrity sha512-3E12UeNSPfjrgwjkR81m5J7Aw/T55Tu7nUyZVQYCKEOs+2dkxEY+DpPtZzO4YruuiPb7NkYLVcyJC4+zCbk5pA==
  dependencies:
    regenerate "^1.4.2"

regenerate@^1.4.2:
  version "1.4.2"
  resolved "https://registry.yarnpkg.com/regenerate/-/regenerate-1.4.2.tgz#b9346d8827e8f5a32f7ba29637d398b69014848a"
  integrity sha512-zrceR/XhGYU/d/opr2EKO7aRHUeiBI8qjtfHqADTwZd6Szfy16la6kqD0MIUs5z5hx6AaKa+PixpPrR289+I0A==

regenerator-runtime@^0.13.4:
  version "0.13.9"
  resolved "https://registry.yarnpkg.com/regenerator-runtime/-/regenerator-runtime-0.13.9.tgz#8925742a98ffd90814988d7566ad30ca3b263b52"
  integrity sha512-p3VT+cOEgxFsRRA9X4lkI1E+k2/CtnKtU4gcxyaCUreilL/vqI6CdZ3wxVUx3UOUg+gnUOQQcRI7BmSI656MYA==

regexpu-core@^4.2.0:
  version "4.8.0"
  resolved "https://registry.yarnpkg.com/regexpu-core/-/regexpu-core-4.8.0.tgz#e5605ba361b67b1718478501327502f4479a98f0"
  integrity sha512-1F6bYsoYiz6is+oz70NWur2Vlh9KWtswuRuzJOfeYUrfPX2o8n74AnUVaOGDbUqVGO9fNHu48/pjJO4sNVwsOg==
  dependencies:
    regenerate "^1.4.2"
    regenerate-unicode-properties "^9.0.0"
    regjsgen "^0.5.2"
    regjsparser "^0.7.0"
    unicode-match-property-ecmascript "^2.0.0"
    unicode-match-property-value-ecmascript "^2.0.0"

regjsgen@^0.5.2:
  version "0.5.2"
  resolved "https://registry.yarnpkg.com/regjsgen/-/regjsgen-0.5.2.tgz#92ff295fb1deecbf6ecdab2543d207e91aa33733"
  integrity sha512-OFFT3MfrH90xIW8OOSyUrk6QHD5E9JOTeGodiJeBS3J6IwlgzJMNE/1bZklWz5oTg+9dCMyEetclvCVXOPoN3A==

regjsparser@^0.7.0:
  version "0.7.0"
  resolved "https://registry.yarnpkg.com/regjsparser/-/regjsparser-0.7.0.tgz#a6b667b54c885e18b52554cb4960ef71187e9968"
  integrity sha512-A4pcaORqmNMDVwUjWoTzuhwMGpP+NykpfqAsEgI1FSH/EzC7lrN5TMd+kN8YCovX+jMpu8eaqXgXPCa0g8FQNQ==
  dependencies:
    jsesc "~0.5.0"

reusify@^1.0.4:
  version "1.0.4"
  resolved "https://registry.yarnpkg.com/reusify/-/reusify-1.0.4.tgz#90da382b1e126efc02146e90845a88db12925d76"
  integrity sha512-U9nH88a3fc/ekCF1l0/UP1IosiuIjyTh7hBvXVMHYgVcfGvt897Xguj2UOLDeI5BG2m7/uwyaLVT6fbtCwTyzw==

run-parallel@^1.1.9:
  version "1.2.0"
  resolved "https://registry.yarnpkg.com/run-parallel/-/run-parallel-1.2.0.tgz#66d1368da7bdf921eb9d95bd1a9229e7f21a43ee"
  integrity sha512-5l4VyZR86LZ/lDxZTR6jqL8AFE2S0IFLMP26AbjsLVADxHdhB/c0GUsH+y39UfCi3dzz8OlQuPmnaJOMoDHQBA==
  dependencies:
    queue-microtask "^1.2.2"

slash@3.0.0:
  version "3.0.0"
  resolved "https://registry.yarnpkg.com/slash/-/slash-3.0.0.tgz#6539be870c165adbd5240220dbe361f1bc4d4634"
  integrity sha512-g9Q1haeby36OSStwb4ntCGGGaKsaVSjQ68fBxoQcutl5fS1vuY18H3wSt3jFyFtrkx+Kz0V1G85A4MyAdDMi2Q==

source-map@^0.7.3:
  version "0.7.3"
  resolved "https://registry.yarnpkg.com/source-map/-/source-map-0.7.3.tgz#5302f8169031735226544092e64981f751750383"
  integrity sha512-CkCj6giN3S+n9qrYiBTX5gystlENnRW5jZeNLHpe6aue+SrHcG5VYwujhW9s4dY31mEGsxBDrHR6oI69fTXsaQ==

sourcemap-codec@^1.4.4:
  version "1.4.8"
  resolved "https://registry.yarnpkg.com/sourcemap-codec/-/sourcemap-codec-1.4.8.tgz#ea804bd94857402e6992d05a38ef1ae35a9ab4c4"
  integrity sha512-9NykojV5Uih4lgo5So5dtw+f0JgJX30KCNI8gwhz2J9A15wD0Ml6tjHKwf6fTSa6fAdVBdZeNOs9eJ71qCk8vA==

supports-color@^5.3.0:
  version "5.5.0"
  resolved "https://registry.yarnpkg.com/supports-color/-/supports-color-5.5.0.tgz#e2e69a44ac8772f78a1ec0b35b689df6530efc8f"
  integrity sha512-QjVjwdXIt408MIiAqCX4oUKsgU2EqAGzs2Ppkm4aQYbjm+ZEWEcW4SfFNTr4uMNZma0ey4f5lgLrkB0aX0QMow==
  dependencies:
    has-flag "^3.0.0"

supports-color@^7.1.0:
  version "7.2.0"
  resolved "https://registry.yarnpkg.com/supports-color/-/supports-color-7.2.0.tgz#1b7dcdcb32b8138801b3e478ba6a51caa89648da"
  integrity sha512-qpCAvRl9stuOHveKsn7HncJRvv501qIacKzQlO/+Lwxc9+0q2wLyv4Dfvt80/DPn2pqOBsJdDiogXGR9+OvwRw==
  dependencies:
    has-flag "^4.0.0"

to-regex-range@^5.0.1:
  version "5.0.1"
  resolved "https://registry.yarnpkg.com/to-regex-range/-/to-regex-range-5.0.1.tgz#1648c44aae7c8d988a326018ed72f5b4dd0392e4"
  integrity sha512-65P7iz6X5yEr1cwcgvQxbbIw7Uk3gOy5dIdtZ4rDveLqhrdJP+Li/Hx6tyK0NEb+2GCyneCMJiGqrADCSNk8sQ==
  dependencies:
    is-number "^7.0.0"

tslib@^2.1.0:
  version "2.3.1"
  resolved "https://registry.yarnpkg.com/tslib/-/tslib-2.3.1.tgz#e8a335add5ceae51aa261d32a490158ef042ef01"
  integrity sha512-77EbyPPpMz+FRFRuAFlWMtmgUWGe9UOG2Z25NqCwiIjRhOf5iKGuzSe5P2w1laq+FkRy4p+PCuVkJSGkzTEKVw==

typescript@^4.5.4:
  version "4.5.4"
  resolved "https://registry.yarnpkg.com/typescript/-/typescript-4.5.4.tgz#a17d3a0263bf5c8723b9c52f43c5084edf13c2e8"
  integrity sha512-VgYs2A2QIRuGphtzFV7aQJduJ2gyfTljngLzjpfW9FoYZF6xuw1W0vW9ghCKLfcWrCFxK81CSGRAvS1pn4fIUg==

unescape@^1.0.1:
  version "1.0.1"
  resolved "https://registry.yarnpkg.com/unescape/-/unescape-1.0.1.tgz#956e430f61cad8a4d57d82c518f5e6cc5d0dda96"
  integrity sha512-O0+af1Gs50lyH1nUu3ZyYS1cRh01Q/kUKatTOkSs7jukXE6/NebucDVxyiDsA9AQ4JC1V1jUH9EO8JX2nMDgGQ==
  dependencies:
    extend-shallow "^2.0.1"

unicode-canonical-property-names-ecmascript@^2.0.0:
  version "2.0.0"
  resolved "https://registry.yarnpkg.com/unicode-canonical-property-names-ecmascript/-/unicode-canonical-property-names-ecmascript-2.0.0.tgz#301acdc525631670d39f6146e0e77ff6bbdebddc"
  integrity sha512-yY5PpDlfVIU5+y/BSCxAJRBIS1Zc2dDG3Ujq+sR0U+JjUevW2JhocOF+soROYDSaAezOzOKuyyixhD6mBknSmQ==

unicode-match-property-ecmascript@^2.0.0:
  version "2.0.0"
  resolved "https://registry.yarnpkg.com/unicode-match-property-ecmascript/-/unicode-match-property-ecmascript-2.0.0.tgz#54fd16e0ecb167cf04cf1f756bdcc92eba7976c3"
  integrity sha512-5kaZCrbp5mmbz5ulBkDkbY0SsPOjKqVS35VpL9ulMPfSl0J0Xsm+9Evphv9CoIZFwre7aJoa94AY6seMKGVN5Q==
  dependencies:
    unicode-canonical-property-names-ecmascript "^2.0.0"
    unicode-property-aliases-ecmascript "^2.0.0"

unicode-match-property-value-ecmascript@^2.0.0:
  version "2.0.0"
  resolved "https://registry.yarnpkg.com/unicode-match-property-value-ecmascript/-/unicode-match-property-value-ecmascript-2.0.0.tgz#1a01aa57247c14c568b89775a54938788189a714"
  integrity sha512-7Yhkc0Ye+t4PNYzOGKedDhXbYIBe1XEQYQxOPyhcXNMJ0WCABqqj6ckydd6pWRZTHV4GuCPKdBAUiMc60tsKVw==

unicode-property-aliases-ecmascript@^2.0.0:
  version "2.0.0"
  resolved "https://registry.yarnpkg.com/unicode-property-aliases-ecmascript/-/unicode-property-aliases-ecmascript-2.0.0.tgz#0a36cb9a585c4f6abd51ad1deddb285c165297c8"
  integrity sha512-5Zfuy9q/DFr4tfO7ZPeVXb1aPoeQSdeFMLpYuFebehDAhbuevLs5yxSZmIFN1tP5F9Wl4IpJrYojg85/zgyZHQ==

vlq@^1.0.0:
  version "1.0.1"
  resolved "https://registry.yarnpkg.com/vlq/-/vlq-1.0.1.tgz#c003f6e7c0b4c1edd623fd6ee50bbc0d6a1de468"
  integrity sha512-gQpnTgkubC6hQgdIcRdYGDSDc+SaujOdyesZQMv6JlfQee/9Mp0Qhnys6WxDWvQnL5WZdT7o2Ul187aSt0Rq+w==
